// !$*UTF8*$!
{
	archiveVersion = 1;
	classes = {
	};
	objectVersion = 48;
	objects = {

/* Begin PBXBuildFile section */
		46061CF31FADC65D00ED512A /* AppDelegate.swift in Sources */ = {isa = PBXBuildFile; fileRef = 46061CF21FADC65D00ED512A /* AppDelegate.swift */; };
		46061CF51FADC65D00ED512A /* ViewController.swift in Sources */ = {isa = PBXBuildFile; fileRef = 46061CF41FADC65D00ED512A /* ViewController.swift */; };
		46061CF81FADC65D00ED512A /* Main.storyboard in Resources */ = {isa = PBXBuildFile; fileRef = 46061CF61FADC65D00ED512A /* Main.storyboard */; };
		46061CFB1FADC65D00ED512A /* Rent_A_Goalie.xcdatamodeld in Sources */ = {isa = PBXBuildFile; fileRef = 46061CF91FADC65D00ED512A /* Rent_A_Goalie.xcdatamodeld */; };
		46061CFD1FADC65D00ED512A /* Assets.xcassets in Resources */ = {isa = PBXBuildFile; fileRef = 46061CFC1FADC65D00ED512A /* Assets.xcassets */; };
		46061D001FADC65D00ED512A /* LaunchScreen.storyboard in Resources */ = {isa = PBXBuildFile; fileRef = 46061CFE1FADC65D00ED512A /* LaunchScreen.storyboard */; };
		46061D0B1FADC65D00ED512A /* Rent_A_GoalieTests.swift in Sources */ = {isa = PBXBuildFile; fileRef = 46061D0A1FADC65D00ED512A /* Rent_A_GoalieTests.swift */; };
		46061D161FADC65D00ED512A /* Rent_A_GoalieUITests.swift in Sources */ = {isa = PBXBuildFile; fileRef = 46061D151FADC65D00ED512A /* Rent_A_GoalieUITests.swift */; };
		A68CAD3195E22EBE5CC50628 /* Pods_Rent_A_Goalie.framework in Frameworks */ = {isa = PBXBuildFile; fileRef = 8860324E70C99CAF45EE697D /* Pods_Rent_A_Goalie.framework */; };
		AE0F968976AE14539839B622 /* Pods_Rent_A_GoalieTests.framework in Frameworks */ = {isa = PBXBuildFile; fileRef = 3EC51D8DD69377AF7B4A4DC9 /* Pods_Rent_A_GoalieTests.framework */; };
		B472C0248A802458A136AD64 /* Pods_Rent_A_GoalieUITests.framework in Frameworks */ = {isa = PBXBuildFile; fileRef = 22F8C92348FCEB97822556B6 /* Pods_Rent_A_GoalieUITests.framework */; };
/* End PBXBuildFile section */

/* Begin PBXContainerItemProxy section */
		46061D071FADC65D00ED512A /* PBXContainerItemProxy */ = {
			isa = PBXContainerItemProxy;
			containerPortal = 46061CE71FADC65C00ED512A /* Project object */;
			proxyType = 1;
			remoteGlobalIDString = 46061CEE1FADC65C00ED512A;
			remoteInfo = "Rent A Goalie";
		};
		46061D121FADC65D00ED512A /* PBXContainerItemProxy */ = {
			isa = PBXContainerItemProxy;
			containerPortal = 46061CE71FADC65C00ED512A /* Project object */;
			proxyType = 1;
			remoteGlobalIDString = 46061CEE1FADC65C00ED512A;
			remoteInfo = "Rent A Goalie";
		};
/* End PBXContainerItemProxy section */

/* Begin PBXFileReference section */
		22F8C92348FCEB97822556B6 /* Pods_Rent_A_GoalieUITests.framework */ = {isa = PBXFileReference; explicitFileType = wrapper.framework; includeInIndex = 0; path = Pods_Rent_A_GoalieUITests.framework; sourceTree = BUILT_PRODUCTS_DIR; };
		3B8791BDE05FF7EF60CD5C6E /* Pods-Rent A Goalie.debug.xcconfig */ = {isa = PBXFileReference; includeInIndex = 1; lastKnownFileType = text.xcconfig; name = "Pods-Rent A Goalie.debug.xcconfig"; path = "Pods/Target Support Files/Pods-Rent A Goalie/Pods-Rent A Goalie.debug.xcconfig"; sourceTree = "<group>"; };
		3EC51D8DD69377AF7B4A4DC9 /* Pods_Rent_A_GoalieTests.framework */ = {isa = PBXFileReference; explicitFileType = wrapper.framework; includeInIndex = 0; path = Pods_Rent_A_GoalieTests.framework; sourceTree = BUILT_PRODUCTS_DIR; };
		46061CEF1FADC65C00ED512A /* Rent A Goalie.app */ = {isa = PBXFileReference; explicitFileType = wrapper.application; includeInIndex = 0; path = "Rent A Goalie.app"; sourceTree = BUILT_PRODUCTS_DIR; };
		46061CF21FADC65D00ED512A /* AppDelegate.swift */ = {isa = PBXFileReference; lastKnownFileType = sourcecode.swift; path = AppDelegate.swift; sourceTree = "<group>"; };
		46061CF41FADC65D00ED512A /* ViewController.swift */ = {isa = PBXFileReference; lastKnownFileType = sourcecode.swift; path = ViewController.swift; sourceTree = "<group>"; };
		46061CF71FADC65D00ED512A /* Base */ = {isa = PBXFileReference; lastKnownFileType = file.storyboard; name = Base; path = Base.lproj/Main.storyboard; sourceTree = "<group>"; };
		46061CFA1FADC65D00ED512A /* Rent_A_Goalie.xcdatamodel */ = {isa = PBXFileReference; lastKnownFileType = wrapper.xcdatamodel; path = Rent_A_Goalie.xcdatamodel; sourceTree = "<group>"; };
		46061CFC1FADC65D00ED512A /* Assets.xcassets */ = {isa = PBXFileReference; lastKnownFileType = folder.assetcatalog; path = Assets.xcassets; sourceTree = "<group>"; };
		46061CFF1FADC65D00ED512A /* Base */ = {isa = PBXFileReference; lastKnownFileType = file.storyboard; name = Base; path = Base.lproj/LaunchScreen.storyboard; sourceTree = "<group>"; };
		46061D011FADC65D00ED512A /* Info.plist */ = {isa = PBXFileReference; lastKnownFileType = text.plist.xml; path = Info.plist; sourceTree = "<group>"; };
		46061D061FADC65D00ED512A /* Rent A GoalieTests.xctest */ = {isa = PBXFileReference; explicitFileType = wrapper.cfbundle; includeInIndex = 0; path = "Rent A GoalieTests.xctest"; sourceTree = BUILT_PRODUCTS_DIR; };
		46061D0A1FADC65D00ED512A /* Rent_A_GoalieTests.swift */ = {isa = PBXFileReference; lastKnownFileType = sourcecode.swift; path = Rent_A_GoalieTests.swift; sourceTree = "<group>"; };
		46061D0C1FADC65D00ED512A /* Info.plist */ = {isa = PBXFileReference; lastKnownFileType = text.plist.xml; path = Info.plist; sourceTree = "<group>"; };
		46061D111FADC65D00ED512A /* Rent A GoalieUITests.xctest */ = {isa = PBXFileReference; explicitFileType = wrapper.cfbundle; includeInIndex = 0; path = "Rent A GoalieUITests.xctest"; sourceTree = BUILT_PRODUCTS_DIR; };
		46061D151FADC65D00ED512A /* Rent_A_GoalieUITests.swift */ = {isa = PBXFileReference; lastKnownFileType = sourcecode.swift; path = Rent_A_GoalieUITests.swift; sourceTree = "<group>"; };
		46061D171FADC65D00ED512A /* Info.plist */ = {isa = PBXFileReference; lastKnownFileType = text.plist.xml; path = Info.plist; sourceTree = "<group>"; };
		62EB7B54DB796D30311D7DAC /* Pods-Rent A GoalieUITests.release.xcconfig */ = {isa = PBXFileReference; includeInIndex = 1; lastKnownFileType = text.xcconfig; name = "Pods-Rent A GoalieUITests.release.xcconfig"; path = "Pods/Target Support Files/Pods-Rent A GoalieUITests/Pods-Rent A GoalieUITests.release.xcconfig"; sourceTree = "<group>"; };
		7A716643D0830747B3EA3D37 /* Pods-Rent A GoalieTests.debug.xcconfig */ = {isa = PBXFileReference; includeInIndex = 1; lastKnownFileType = text.xcconfig; name = "Pods-Rent A GoalieTests.debug.xcconfig"; path = "Pods/Target Support Files/Pods-Rent A GoalieTests/Pods-Rent A GoalieTests.debug.xcconfig"; sourceTree = "<group>"; };
		8860324E70C99CAF45EE697D /* Pods_Rent_A_Goalie.framework */ = {isa = PBXFileReference; explicitFileType = wrapper.framework; includeInIndex = 0; path = Pods_Rent_A_Goalie.framework; sourceTree = BUILT_PRODUCTS_DIR; };
		B41AB0B38B9C9461761F77BA /* Pods-Rent A GoalieUITests.debug.xcconfig */ = {isa = PBXFileReference; includeInIndex = 1; lastKnownFileType = text.xcconfig; name = "Pods-Rent A GoalieUITests.debug.xcconfig"; path = "Pods/Target Support Files/Pods-Rent A GoalieUITests/Pods-Rent A GoalieUITests.debug.xcconfig"; sourceTree = "<group>"; };
		B45DD230AAD685BBE080719F /* Pods-Rent A Goalie.release.xcconfig */ = {isa = PBXFileReference; includeInIndex = 1; lastKnownFileType = text.xcconfig; name = "Pods-Rent A Goalie.release.xcconfig"; path = "Pods/Target Support Files/Pods-Rent A Goalie/Pods-Rent A Goalie.release.xcconfig"; sourceTree = "<group>"; };
		EC16F23D6E57F7C01E48A399 /* Pods-Rent A GoalieTests.release.xcconfig */ = {isa = PBXFileReference; includeInIndex = 1; lastKnownFileType = text.xcconfig; name = "Pods-Rent A GoalieTests.release.xcconfig"; path = "Pods/Target Support Files/Pods-Rent A GoalieTests/Pods-Rent A GoalieTests.release.xcconfig"; sourceTree = "<group>"; };
/* End PBXFileReference section */

/* Begin PBXFrameworksBuildPhase section */
		46061CEC1FADC65C00ED512A /* Frameworks */ = {
			isa = PBXFrameworksBuildPhase;
			buildActionMask = 2147483647;
			files = (
				A68CAD3195E22EBE5CC50628 /* Pods_Rent_A_Goalie.framework in Frameworks */,
			);
			runOnlyForDeploymentPostprocessing = 0;
		};
		46061D031FADC65D00ED512A /* Frameworks */ = {
			isa = PBXFrameworksBuildPhase;
			buildActionMask = 2147483647;
			files = (
				AE0F968976AE14539839B622 /* Pods_Rent_A_GoalieTests.framework in Frameworks */,
			);
			runOnlyForDeploymentPostprocessing = 0;
		};
		46061D0E1FADC65D00ED512A /* Frameworks */ = {
			isa = PBXFrameworksBuildPhase;
			buildActionMask = 2147483647;
			files = (
				B472C0248A802458A136AD64 /* Pods_Rent_A_GoalieUITests.framework in Frameworks */,
			);
			runOnlyForDeploymentPostprocessing = 0;
		};
/* End PBXFrameworksBuildPhase section */

/* Begin PBXGroup section */
		46061CE61FADC65C00ED512A = {
			isa = PBXGroup;
			children = (
				46061CF11FADC65C00ED512A /* Rent A Goalie */,
				46061D091FADC65D00ED512A /* Rent A GoalieTests */,
				46061D141FADC65D00ED512A /* Rent A GoalieUITests */,
				46061CF01FADC65C00ED512A /* Products */,
				857ED6910FEC285DAACD7C56 /* Pods */,
				B3033FE07951CA15970E2726 /* Frameworks */,
			);
			sourceTree = "<group>";
		};
		46061CF01FADC65C00ED512A /* Products */ = {
			isa = PBXGroup;
			children = (
				46061CEF1FADC65C00ED512A /* Rent A Goalie.app */,
				46061D061FADC65D00ED512A /* Rent A GoalieTests.xctest */,
				46061D111FADC65D00ED512A /* Rent A GoalieUITests.xctest */,
			);
			name = Products;
			sourceTree = "<group>";
		};
		46061CF11FADC65C00ED512A /* Rent A Goalie */ = {
			isa = PBXGroup;
			children = (
				46061CF21FADC65D00ED512A /* AppDelegate.swift */,
				46061CF41FADC65D00ED512A /* ViewController.swift */,
				46061CF61FADC65D00ED512A /* Main.storyboard */,
				46061CFC1FADC65D00ED512A /* Assets.xcassets */,
				46061CFE1FADC65D00ED512A /* LaunchScreen.storyboard */,
				46061D011FADC65D00ED512A /* Info.plist */,
				46061CF91FADC65D00ED512A /* Rent_A_Goalie.xcdatamodeld */,
			);
			path = "Rent A Goalie";
			sourceTree = "<group>";
		};
		46061D091FADC65D00ED512A /* Rent A GoalieTests */ = {
			isa = PBXGroup;
			children = (
				46061D0A1FADC65D00ED512A /* Rent_A_GoalieTests.swift */,
				46061D0C1FADC65D00ED512A /* Info.plist */,
			);
			path = "Rent A GoalieTests";
			sourceTree = "<group>";
		};
		46061D141FADC65D00ED512A /* Rent A GoalieUITests */ = {
			isa = PBXGroup;
			children = (
				46061D151FADC65D00ED512A /* Rent_A_GoalieUITests.swift */,
				46061D171FADC65D00ED512A /* Info.plist */,
			);
			path = "Rent A GoalieUITests";
			sourceTree = "<group>";
		};
		857ED6910FEC285DAACD7C56 /* Pods */ = {
			isa = PBXGroup;
			children = (
				3B8791BDE05FF7EF60CD5C6E /* Pods-Rent A Goalie.debug.xcconfig */,
				B45DD230AAD685BBE080719F /* Pods-Rent A Goalie.release.xcconfig */,
				7A716643D0830747B3EA3D37 /* Pods-Rent A GoalieTests.debug.xcconfig */,
				EC16F23D6E57F7C01E48A399 /* Pods-Rent A GoalieTests.release.xcconfig */,
				B41AB0B38B9C9461761F77BA /* Pods-Rent A GoalieUITests.debug.xcconfig */,
				62EB7B54DB796D30311D7DAC /* Pods-Rent A GoalieUITests.release.xcconfig */,
			);
			name = Pods;
			sourceTree = "<group>";
		};
		B3033FE07951CA15970E2726 /* Frameworks */ = {
			isa = PBXGroup;
			children = (
				8860324E70C99CAF45EE697D /* Pods_Rent_A_Goalie.framework */,
				3EC51D8DD69377AF7B4A4DC9 /* Pods_Rent_A_GoalieTests.framework */,
				22F8C92348FCEB97822556B6 /* Pods_Rent_A_GoalieUITests.framework */,
			);
			name = Frameworks;
			sourceTree = "<group>";
		};
/* End PBXGroup section */

/* Begin PBXNativeTarget section */
		46061CEE1FADC65C00ED512A /* Rent A Goalie */ = {
			isa = PBXNativeTarget;
			buildConfigurationList = 46061D1A1FADC65D00ED512A /* Build configuration list for PBXNativeTarget "Rent A Goalie" */;
			buildPhases = (
				D1F7B164BA72CD503FB877BF /* [CP] Check Pods Manifest.lock */,
				46061CEB1FADC65C00ED512A /* Sources */,
				46061CEC1FADC65C00ED512A /* Frameworks */,
				46061CED1FADC65C00ED512A /* Resources */,
				163AA9E18763D2E81327A350 /* [CP] Embed Pods Frameworks */,
				59CD21EE3CF1DF63FEC967B5 /* [CP] Copy Pods Resources */,
			);
			buildRules = (
			);
			dependencies = (
			);
			name = "Rent A Goalie";
			productName = "Rent A Goalie";
			productReference = 46061CEF1FADC65C00ED512A /* Rent A Goalie.app */;
			productType = "com.apple.product-type.application";
		};
		46061D051FADC65D00ED512A /* Rent A GoalieTests */ = {
			isa = PBXNativeTarget;
			buildConfigurationList = 46061D1D1FADC65D00ED512A /* Build configuration list for PBXNativeTarget "Rent A GoalieTests" */;
			buildPhases = (
				2D0C5651DC870DADED10F3F3 /* [CP] Check Pods Manifest.lock */,
				46061D021FADC65D00ED512A /* Sources */,
				46061D031FADC65D00ED512A /* Frameworks */,
				46061D041FADC65D00ED512A /* Resources */,
				623798830371BF6446EE70EF /* [CP] Embed Pods Frameworks */,
				30E906601CE02CEB4DA74E86 /* [CP] Copy Pods Resources */,
			);
			buildRules = (
			);
			dependencies = (
				46061D081FADC65D00ED512A /* PBXTargetDependency */,
			);
			name = "Rent A GoalieTests";
			productName = "Rent A GoalieTests";
			productReference = 46061D061FADC65D00ED512A /* Rent A GoalieTests.xctest */;
			productType = "com.apple.product-type.bundle.unit-test";
		};
		46061D101FADC65D00ED512A /* Rent A GoalieUITests */ = {
			isa = PBXNativeTarget;
			buildConfigurationList = 46061D201FADC65D00ED512A /* Build configuration list for PBXNativeTarget "Rent A GoalieUITests" */;
			buildPhases = (
				D3868C311660B65010FEFD09 /* [CP] Check Pods Manifest.lock */,
				46061D0D1FADC65D00ED512A /* Sources */,
				46061D0E1FADC65D00ED512A /* Frameworks */,
				46061D0F1FADC65D00ED512A /* Resources */,
				5E498A26C403029B02D3DCDB /* [CP] Embed Pods Frameworks */,
				60EB3E6A8FFF3597D13C92BA /* [CP] Copy Pods Resources */,
			);
			buildRules = (
			);
			dependencies = (
				46061D131FADC65D00ED512A /* PBXTargetDependency */,
			);
			name = "Rent A GoalieUITests";
			productName = "Rent A GoalieUITests";
			productReference = 46061D111FADC65D00ED512A /* Rent A GoalieUITests.xctest */;
			productType = "com.apple.product-type.bundle.ui-testing";
		};
/* End PBXNativeTarget section */

/* Begin PBXProject section */
		46061CE71FADC65C00ED512A /* Project object */ = {
			isa = PBXProject;
			attributes = {
				LastSwiftUpdateCheck = 0900;
				LastUpgradeCheck = 0900;
				ORGANIZATIONNAME = "Cardy Inc";
				TargetAttributes = {
					46061CEE1FADC65C00ED512A = {
						CreatedOnToolsVersion = 9.0.1;
						ProvisioningStyle = Automatic;
					};
					46061D051FADC65D00ED512A = {
						CreatedOnToolsVersion = 9.0.1;
						ProvisioningStyle = Automatic;
						TestTargetID = 46061CEE1FADC65C00ED512A;
					};
					46061D101FADC65D00ED512A = {
						CreatedOnToolsVersion = 9.0.1;
						ProvisioningStyle = Automatic;
						TestTargetID = 46061CEE1FADC65C00ED512A;
					};
				};
			};
			buildConfigurationList = 46061CEA1FADC65C00ED512A /* Build configuration list for PBXProject "Rent A Goalie" */;
			compatibilityVersion = "Xcode 8.0";
			developmentRegion = en;
			hasScannedForEncodings = 0;
			knownRegions = (
				en,
				Base,
			);
			mainGroup = 46061CE61FADC65C00ED512A;
			productRefGroup = 46061CF01FADC65C00ED512A /* Products */;
			projectDirPath = "";
			projectRoot = "";
			targets = (
				46061CEE1FADC65C00ED512A /* Rent A Goalie */,
				46061D051FADC65D00ED512A /* Rent A GoalieTests */,
				46061D101FADC65D00ED512A /* Rent A GoalieUITests */,
			);
		};
/* End PBXProject section */

/* Begin PBXResourcesBuildPhase section */
		46061CED1FADC65C00ED512A /* Resources */ = {
			isa = PBXResourcesBuildPhase;
			buildActionMask = 2147483647;
			files = (
				46061D001FADC65D00ED512A /* LaunchScreen.storyboard in Resources */,
				46061CFD1FADC65D00ED512A /* Assets.xcassets in Resources */,
				46061CF81FADC65D00ED512A /* Main.storyboard in Resources */,
			);
			runOnlyForDeploymentPostprocessing = 0;
		};
		46061D041FADC65D00ED512A /* Resources */ = {
			isa = PBXResourcesBuildPhase;
			buildActionMask = 2147483647;
			files = (
			);
			runOnlyForDeploymentPostprocessing = 0;
		};
		46061D0F1FADC65D00ED512A /* Resources */ = {
			isa = PBXResourcesBuildPhase;
			buildActionMask = 2147483647;
			files = (
			);
			runOnlyForDeploymentPostprocessing = 0;
		};
/* End PBXResourcesBuildPhase section */

/* Begin PBXShellScriptBuildPhase section */
		163AA9E18763D2E81327A350 /* [CP] Embed Pods Frameworks */ = {
			isa = PBXShellScriptBuildPhase;
			buildActionMask = 2147483647;
			files = (
			);
			inputPaths = (
				"${SRCROOT}/Pods/Target Support Files/Pods-Rent A Goalie/Pods-Rent A Goalie-frameworks.sh",
				"${BUILT_PRODUCTS_DIR}/Alamofire/Alamofire.framework",
				"${BUILT_PRODUCTS_DIR}/SwiftyJSON/SwiftyJSON.framework",
			);
			name = "[CP] Embed Pods Frameworks";
			outputPaths = (
				"${TARGET_BUILD_DIR}/${FRAMEWORKS_FOLDER_PATH}/Alamofire.framework",
				"${TARGET_BUILD_DIR}/${FRAMEWORKS_FOLDER_PATH}/SwiftyJSON.framework",
			);
			runOnlyForDeploymentPostprocessing = 0;
			shellPath = /bin/sh;
			shellScript = "\"${SRCROOT}/Pods/Target Support Files/Pods-Rent A Goalie/Pods-Rent A Goalie-frameworks.sh\"\n";
			showEnvVarsInLog = 0;
		};
		2D0C5651DC870DADED10F3F3 /* [CP] Check Pods Manifest.lock */ = {
			isa = PBXShellScriptBuildPhase;
			buildActionMask = 2147483647;
			files = (
			);
			inputPaths = (
				"${PODS_PODFILE_DIR_PATH}/Podfile.lock",
				"${PODS_ROOT}/Manifest.lock",
			);
			name = "[CP] Check Pods Manifest.lock";
			outputPaths = (
				"$(DERIVED_FILE_DIR)/Pods-Rent A GoalieTests-checkManifestLockResult.txt",
			);
			runOnlyForDeploymentPostprocessing = 0;
			shellPath = /bin/sh;
			shellScript = "diff \"${PODS_PODFILE_DIR_PATH}/Podfile.lock\" \"${PODS_ROOT}/Manifest.lock\" > /dev/null\nif [ $? != 0 ] ; then\n    # print error to STDERR\n    echo \"error: The sandbox is not in sync with the Podfile.lock. Run 'pod install' or update your CocoaPods installation.\" >&2\n    exit 1\nfi\n# This output is used by Xcode 'outputs' to avoid re-running this script phase.\necho \"SUCCESS\" > \"${SCRIPT_OUTPUT_FILE_0}\"\n";
			showEnvVarsInLog = 0;
		};
		30E906601CE02CEB4DA74E86 /* [CP] Copy Pods Resources */ = {
			isa = PBXShellScriptBuildPhase;
			buildActionMask = 2147483647;
			files = (
			);
			inputPaths = (
			);
			name = "[CP] Copy Pods Resources";
			outputPaths = (
			);
			runOnlyForDeploymentPostprocessing = 0;
			shellPath = /bin/sh;
			shellScript = "\"${SRCROOT}/Pods/Target Support Files/Pods-Rent A GoalieTests/Pods-Rent A GoalieTests-resources.sh\"\n";
			showEnvVarsInLog = 0;
		};
		59CD21EE3CF1DF63FEC967B5 /* [CP] Copy Pods Resources */ = {
			isa = PBXShellScriptBuildPhase;
			buildActionMask = 2147483647;
			files = (
			);
			inputPaths = (
			);
			name = "[CP] Copy Pods Resources";
			outputPaths = (
			);
			runOnlyForDeploymentPostprocessing = 0;
			shellPath = /bin/sh;
			shellScript = "\"${SRCROOT}/Pods/Target Support Files/Pods-Rent A Goalie/Pods-Rent A Goalie-resources.sh\"\n";
			showEnvVarsInLog = 0;
		};
		5E498A26C403029B02D3DCDB /* [CP] Embed Pods Frameworks */ = {
			isa = PBXShellScriptBuildPhase;
			buildActionMask = 2147483647;
			files = (
			);
			inputPaths = (
			);
			name = "[CP] Embed Pods Frameworks";
			outputPaths = (
			);
			runOnlyForDeploymentPostprocessing = 0;
			shellPath = /bin/sh;
			shellScript = "\"${SRCROOT}/Pods/Target Support Files/Pods-Rent A GoalieUITests/Pods-Rent A GoalieUITests-frameworks.sh\"\n";
			showEnvVarsInLog = 0;
		};
		60EB3E6A8FFF3597D13C92BA /* [CP] Copy Pods Resources */ = {
			isa = PBXShellScriptBuildPhase;
			buildActionMask = 2147483647;
			files = (
			);
			inputPaths = (
			);
			name = "[CP] Copy Pods Resources";
			outputPaths = (
			);
			runOnlyForDeploymentPostprocessing = 0;
			shellPath = /bin/sh;
			shellScript = "\"${SRCROOT}/Pods/Target Support Files/Pods-Rent A GoalieUITests/Pods-Rent A GoalieUITests-resources.sh\"\n";
			showEnvVarsInLog = 0;
		};
		623798830371BF6446EE70EF /* [CP] Embed Pods Frameworks */ = {
			isa = PBXShellScriptBuildPhase;
			buildActionMask = 2147483647;
			files = (
			);
			inputPaths = (
			);
			name = "[CP] Embed Pods Frameworks";
			outputPaths = (
			);
			runOnlyForDeploymentPostprocessing = 0;
			shellPath = /bin/sh;
			shellScript = "\"${SRCROOT}/Pods/Target Support Files/Pods-Rent A GoalieTests/Pods-Rent A GoalieTests-frameworks.sh\"\n";
			showEnvVarsInLog = 0;
		};
		D1F7B164BA72CD503FB877BF /* [CP] Check Pods Manifest.lock */ = {
			isa = PBXShellScriptBuildPhase;
			buildActionMask = 2147483647;
			files = (
			);
			inputPaths = (
				"${PODS_PODFILE_DIR_PATH}/Podfile.lock",
				"${PODS_ROOT}/Manifest.lock",
			);
			name = "[CP] Check Pods Manifest.lock";
			outputPaths = (
				"$(DERIVED_FILE_DIR)/Pods-Rent A Goalie-checkManifestLockResult.txt",
			);
			runOnlyForDeploymentPostprocessing = 0;
			shellPath = /bin/sh;
			shellScript = "diff \"${PODS_PODFILE_DIR_PATH}/Podfile.lock\" \"${PODS_ROOT}/Manifest.lock\" > /dev/null\nif [ $? != 0 ] ; then\n    # print error to STDERR\n    echo \"error: The sandbox is not in sync with the Podfile.lock. Run 'pod install' or update your CocoaPods installation.\" >&2\n    exit 1\nfi\n# This output is used by Xcode 'outputs' to avoid re-running this script phase.\necho \"SUCCESS\" > \"${SCRIPT_OUTPUT_FILE_0}\"\n";
			showEnvVarsInLog = 0;
		};
		D3868C311660B65010FEFD09 /* [CP] Check Pods Manifest.lock */ = {
			isa = PBXShellScriptBuildPhase;
			buildActionMask = 2147483647;
			files = (
			);
			inputPaths = (
				"${PODS_PODFILE_DIR_PATH}/Podfile.lock",
				"${PODS_ROOT}/Manifest.lock",
			);
			name = "[CP] Check Pods Manifest.lock";
			outputPaths = (
				"$(DERIVED_FILE_DIR)/Pods-Rent A GoalieUITests-checkManifestLockResult.txt",
			);
			runOnlyForDeploymentPostprocessing = 0;
			shellPath = /bin/sh;
			shellScript = "diff \"${PODS_PODFILE_DIR_PATH}/Podfile.lock\" \"${PODS_ROOT}/Manifest.lock\" > /dev/null\nif [ $? != 0 ] ; then\n    # print error to STDERR\n    echo \"error: The sandbox is not in sync with the Podfile.lock. Run 'pod install' or update your CocoaPods installation.\" >&2\n    exit 1\nfi\n# This output is used by Xcode 'outputs' to avoid re-running this script phase.\necho \"SUCCESS\" > \"${SCRIPT_OUTPUT_FILE_0}\"\n";
			showEnvVarsInLog = 0;
		};
/* End PBXShellScriptBuildPhase section */

/* Begin PBXSourcesBuildPhase section */
		46061CEB1FADC65C00ED512A /* Sources */ = {
			isa = PBXSourcesBuildPhase;
			buildActionMask = 2147483647;
			files = (
				46061CF51FADC65D00ED512A /* ViewController.swift in Sources */,
				46061CF31FADC65D00ED512A /* AppDelegate.swift in Sources */,
				46061CFB1FADC65D00ED512A /* Rent_A_Goalie.xcdatamodeld in Sources */,
			);
			runOnlyForDeploymentPostprocessing = 0;
		};
		46061D021FADC65D00ED512A /* Sources */ = {
			isa = PBXSourcesBuildPhase;
			buildActionMask = 2147483647;
			files = (
				46061D0B1FADC65D00ED512A /* Rent_A_GoalieTests.swift in Sources */,
			);
			runOnlyForDeploymentPostprocessing = 0;
		};
		46061D0D1FADC65D00ED512A /* Sources */ = {
			isa = PBXSourcesBuildPhase;
			buildActionMask = 2147483647;
			files = (
				46061D161FADC65D00ED512A /* Rent_A_GoalieUITests.swift in Sources */,
			);
			runOnlyForDeploymentPostprocessing = 0;
		};
/* End PBXSourcesBuildPhase section */

/* Begin PBXTargetDependency section */
		46061D081FADC65D00ED512A /* PBXTargetDependency */ = {
			isa = PBXTargetDependency;
			target = 46061CEE1FADC65C00ED512A /* Rent A Goalie */;
			targetProxy = 46061D071FADC65D00ED512A /* PBXContainerItemProxy */;
		};
		46061D131FADC65D00ED512A /* PBXTargetDependency */ = {
			isa = PBXTargetDependency;
			target = 46061CEE1FADC65C00ED512A /* Rent A Goalie */;
			targetProxy = 46061D121FADC65D00ED512A /* PBXContainerItemProxy */;
		};
/* End PBXTargetDependency section */

/* Begin PBXVariantGroup section */
		46061CF61FADC65D00ED512A /* Main.storyboard */ = {
			isa = PBXVariantGroup;
			children = (
				46061CF71FADC65D00ED512A /* Base */,
			);
			name = Main.storyboard;
			sourceTree = "<group>";
		};
		46061CFE1FADC65D00ED512A /* LaunchScreen.storyboard */ = {
			isa = PBXVariantGroup;
			children = (
				46061CFF1FADC65D00ED512A /* Base */,
			);
			name = LaunchScreen.storyboard;
			sourceTree = "<group>";
		};
/* End PBXVariantGroup section */

/* Begin XCBuildConfiguration section */
		46061D181FADC65D00ED512A /* Debug */ = {
			isa = XCBuildConfiguration;
			buildSettings = {
				ALWAYS_SEARCH_USER_PATHS = NO;
				CLANG_ANALYZER_NONNULL = YES;
				CLANG_ANALYZER_NUMBER_OBJECT_CONVERSION = YES_AGGRESSIVE;
				CLANG_CXX_LANGUAGE_STANDARD = "gnu++14";
				CLANG_CXX_LIBRARY = "libc++";
				CLANG_ENABLE_MODULES = YES;
				CLANG_ENABLE_OBJC_ARC = YES;
				CLANG_WARN_BLOCK_CAPTURE_AUTORELEASING = YES;
				CLANG_WARN_BOOL_CONVERSION = YES;
				CLANG_WARN_COMMA = YES;
				CLANG_WARN_CONSTANT_CONVERSION = YES;
				CLANG_WARN_DIRECT_OBJC_ISA_USAGE = YES_ERROR;
				CLANG_WARN_DOCUMENTATION_COMMENTS = YES;
				CLANG_WARN_EMPTY_BODY = YES;
				CLANG_WARN_ENUM_CONVERSION = YES;
				CLANG_WARN_INFINITE_RECURSION = YES;
				CLANG_WARN_INT_CONVERSION = YES;
				CLANG_WARN_NON_LITERAL_NULL_CONVERSION = YES;
				CLANG_WARN_OBJC_LITERAL_CONVERSION = YES;
				CLANG_WARN_OBJC_ROOT_CLASS = YES_ERROR;
				CLANG_WARN_RANGE_LOOP_ANALYSIS = YES;
				CLANG_WARN_STRICT_PROTOTYPES = YES;
				CLANG_WARN_SUSPICIOUS_MOVE = YES;
				CLANG_WARN_UNGUARDED_AVAILABILITY = YES_AGGRESSIVE;
				CLANG_WARN_UNREACHABLE_CODE = YES;
				CLANG_WARN__DUPLICATE_METHOD_MATCH = YES;
				CODE_SIGN_IDENTITY = "iPhone Developer";
				COPY_PHASE_STRIP = NO;
				DEBUG_INFORMATION_FORMAT = dwarf;
				ENABLE_STRICT_OBJC_MSGSEND = YES;
				ENABLE_TESTABILITY = YES;
				GCC_C_LANGUAGE_STANDARD = gnu11;
				GCC_DYNAMIC_NO_PIC = NO;
				GCC_NO_COMMON_BLOCKS = YES;
				GCC_OPTIMIZATION_LEVEL = 0;
				GCC_PREPROCESSOR_DEFINITIONS = (
					"DEBUG=1",
					"$(inherited)",
				);
				GCC_WARN_64_TO_32_BIT_CONVERSION = YES;
				GCC_WARN_ABOUT_RETURN_TYPE = YES_ERROR;
				GCC_WARN_UNDECLARED_SELECTOR = YES;
				GCC_WARN_UNINITIALIZED_AUTOS = YES_AGGRESSIVE;
				GCC_WARN_UNUSED_FUNCTION = YES;
				GCC_WARN_UNUSED_VARIABLE = YES;
				IPHONEOS_DEPLOYMENT_TARGET = 11.0;
				MTL_ENABLE_DEBUG_INFO = YES;
				ONLY_ACTIVE_ARCH = YES;
				SDKROOT = iphoneos;
				SWIFT_ACTIVE_COMPILATION_CONDITIONS = DEBUG;
				SWIFT_OPTIMIZATION_LEVEL = "-Onone";
			};
			name = Debug;
		};
		46061D191FADC65D00ED512A /* Release */ = {
			isa = XCBuildConfiguration;
			buildSettings = {
				ALWAYS_SEARCH_USER_PATHS = NO;
				CLANG_ANALYZER_NONNULL = YES;
				CLANG_ANALYZER_NUMBER_OBJECT_CONVERSION = YES_AGGRESSIVE;
				CLANG_CXX_LANGUAGE_STANDARD = "gnu++14";
				CLANG_CXX_LIBRARY = "libc++";
				CLANG_ENABLE_MODULES = YES;
				CLANG_ENABLE_OBJC_ARC = YES;
				CLANG_WARN_BLOCK_CAPTURE_AUTORELEASING = YES;
				CLANG_WARN_BOOL_CONVERSION = YES;
				CLANG_WARN_COMMA = YES;
				CLANG_WARN_CONSTANT_CONVERSION = YES;
				CLANG_WARN_DIRECT_OBJC_ISA_USAGE = YES_ERROR;
				CLANG_WARN_DOCUMENTATION_COMMENTS = YES;
				CLANG_WARN_EMPTY_BODY = YES;
				CLANG_WARN_ENUM_CONVERSION = YES;
				CLANG_WARN_INFINITE_RECURSION = YES;
				CLANG_WARN_INT_CONVERSION = YES;
				CLANG_WARN_NON_LITERAL_NULL_CONVERSION = YES;
				CLANG_WARN_OBJC_LITERAL_CONVERSION = YES;
				CLANG_WARN_OBJC_ROOT_CLASS = YES_ERROR;
				CLANG_WARN_RANGE_LOOP_ANALYSIS = YES;
				CLANG_WARN_STRICT_PROTOTYPES = YES;
				CLANG_WARN_SUSPICIOUS_MOVE = YES;
				CLANG_WARN_UNGUARDED_AVAILABILITY = YES_AGGRESSIVE;
				CLANG_WARN_UNREACHABLE_CODE = YES;
				CLANG_WARN__DUPLICATE_METHOD_MATCH = YES;
				CODE_SIGN_IDENTITY = "iPhone Developer";
				COPY_PHASE_STRIP = NO;
				DEBUG_INFORMATION_FORMAT = "dwarf-with-dsym";
				ENABLE_NS_ASSERTIONS = NO;
				ENABLE_STRICT_OBJC_MSGSEND = YES;
				GCC_C_LANGUAGE_STANDARD = gnu11;
				GCC_NO_COMMON_BLOCKS = YES;
				GCC_WARN_64_TO_32_BIT_CONVERSION = YES;
				GCC_WARN_ABOUT_RETURN_TYPE = YES_ERROR;
				GCC_WARN_UNDECLARED_SELECTOR = YES;
				GCC_WARN_UNINITIALIZED_AUTOS = YES_AGGRESSIVE;
				GCC_WARN_UNUSED_FUNCTION = YES;
				GCC_WARN_UNUSED_VARIABLE = YES;
				IPHONEOS_DEPLOYMENT_TARGET = 11.0;
				MTL_ENABLE_DEBUG_INFO = NO;
				SDKROOT = iphoneos;
				SWIFT_OPTIMIZATION_LEVEL = "-Owholemodule";
				VALIDATE_PRODUCT = YES;
			};
			name = Release;
		};
		46061D1B1FADC65D00ED512A /* Debug */ = {
			isa = XCBuildConfiguration;
			baseConfigurationReference = 3B8791BDE05FF7EF60CD5C6E /* Pods-Rent A Goalie.debug.xcconfig */;
			buildSettings = {
				ASSETCATALOG_COMPILER_APPICON_NAME = AppIcon;
				CODE_SIGN_STYLE = Automatic;
				INFOPLIST_FILE = "Rent A Goalie/Info.plist";
				LD_RUNPATH_SEARCH_PATHS = "$(inherited) @executable_path/Frameworks";
				PRODUCT_BUNDLE_IDENTIFIER = "Cardy.Rent-A-Goalie";
				PRODUCT_NAME = "$(TARGET_NAME)";
				SWIFT_VERSION = 4.0;
				TARGETED_DEVICE_FAMILY = "1,2";
			};
			name = Debug;
		};
		46061D1C1FADC65D00ED512A /* Release */ = {
			isa = XCBuildConfiguration;
			baseConfigurationReference = B45DD230AAD685BBE080719F /* Pods-Rent A Goalie.release.xcconfig */;
			buildSettings = {
				ASSETCATALOG_COMPILER_APPICON_NAME = AppIcon;
				CODE_SIGN_STYLE = Automatic;
				INFOPLIST_FILE = "Rent A Goalie/Info.plist";
				LD_RUNPATH_SEARCH_PATHS = "$(inherited) @executable_path/Frameworks";
				PRODUCT_BUNDLE_IDENTIFIER = "Cardy.Rent-A-Goalie";
				PRODUCT_NAME = "$(TARGET_NAME)";
				SWIFT_VERSION = 4.0;
				TARGETED_DEVICE_FAMILY = "1,2";
			};
			name = Release;
		};
		46061D1E1FADC65D00ED512A /* Debug */ = {
			isa = XCBuildConfiguration;
			baseConfigurationReference = 7A716643D0830747B3EA3D37 /* Pods-Rent A GoalieTests.debug.xcconfig */;
			buildSettings = {
				ALWAYS_EMBED_SWIFT_STANDARD_LIBRARIES = YES;
				BUNDLE_LOADER = "$(TEST_HOST)";
				CODE_SIGN_STYLE = Automatic;
				INFOPLIST_FILE = "Rent A GoalieTests/Info.plist";
				LD_RUNPATH_SEARCH_PATHS = "$(inherited) @executable_path/Frameworks @loader_path/Frameworks";
				PRODUCT_BUNDLE_IDENTIFIER = "Cardy.Rent-A-GoalieTests";
				PRODUCT_NAME = "$(TARGET_NAME)";
				SWIFT_VERSION = 4.0;
				TARGETED_DEVICE_FAMILY = "1,2";
				TEST_HOST = "$(BUILT_PRODUCTS_DIR)/Rent A Goalie.app/Rent A Goalie";
			};
			name = Debug;
		};
		46061D1F1FADC65D00ED512A /* Release */ = {
			isa = XCBuildConfiguration;
			baseConfigurationReference = EC16F23D6E57F7C01E48A399 /* Pods-Rent A GoalieTests.release.xcconfig */;
			buildSettings = {
				ALWAYS_EMBED_SWIFT_STANDARD_LIBRARIES = YES;
				BUNDLE_LOADER = "$(TEST_HOST)";
				CODE_SIGN_STYLE = Automatic;
				INFOPLIST_FILE = "Rent A GoalieTests/Info.plist";
				LD_RUNPATH_SEARCH_PATHS = "$(inherited) @executable_path/Frameworks @loader_path/Frameworks";
				PRODUCT_BUNDLE_IDENTIFIER = "Cardy.Rent-A-GoalieTests";
				PRODUCT_NAME = "$(TARGET_NAME)";
				SWIFT_VERSION = 4.0;
				TARGETED_DEVICE_FAMILY = "1,2";
				TEST_HOST = "$(BUILT_PRODUCTS_DIR)/Rent A Goalie.app/Rent A Goalie";
			};
			name = Release;
		};
		46061D211FADC65D00ED512A /* Debug */ = {
			isa = XCBuildConfiguration;
			baseConfigurationReference = B41AB0B38B9C9461761F77BA /* Pods-Rent A GoalieUITests.debug.xcconfig */;
			buildSettings = {
				ALWAYS_EMBED_SWIFT_STANDARD_LIBRARIES = YES;
				CODE_SIGN_STYLE = Automatic;
				INFOPLIST_FILE = "Rent A GoalieUITests/Info.plist";
				LD_RUNPATH_SEARCH_PATHS = "$(inherited) @executable_path/Frameworks @loader_path/Frameworks";
				PRODUCT_BUNDLE_IDENTIFIER = "Cardy.Rent-A-GoalieUITests";
				PRODUCT_NAME = "$(TARGET_NAME)";
				SWIFT_VERSION = 4.0;
				TARGETED_DEVICE_FAMILY = "1,2";
				TEST_TARGET_NAME = "Rent A Goalie";
			};
			name = Debug;
		};
		46061D221FADC65D00ED512A /* Release */ = {
			isa = XCBuildConfiguration;
			baseConfigurationReference = 62EB7B54DB796D30311D7DAC /* Pods-Rent A GoalieUITests.release.xcconfig */;
			buildSettings = {
				ALWAYS_EMBED_SWIFT_STANDARD_LIBRARIES = YES;
				CODE_SIGN_STYLE = Automatic;
				INFOPLIST_FILE = "Rent A GoalieUITests/Info.plist";
				LD_RUNPATH_SEARCH_PATHS = "$(inherited) @executable_path/Frameworks @loader_path/Frameworks";
				PRODUCT_BUNDLE_IDENTIFIER = "Cardy.Rent-A-GoalieUITests";
				PRODUCT_NAME = "$(TARGET_NAME)";
				SWIFT_VERSION = 4.0;
				TARGETED_DEVICE_FAMILY = "1,2";
				TEST_TARGET_NAME = "Rent A Goalie";
			};
			name = Release;
		};
/* End XCBuildConfiguration section */

/* Begin XCConfigurationList section */
		46061CEA1FADC65C00ED512A /* Build configuration list for PBXProject "Rent A Goalie" */ = {
			isa = XCConfigurationList;
			buildConfigurations = (
				46061D181FADC65D00ED512A /* Debug */,
				46061D191FADC65D00ED512A /* Release */,
			);
			defaultConfigurationIsVisible = 0;
			defaultConfigurationName = Release;
		};
		46061D1A1FADC65D00ED512A /* Build configuration list for PBXNativeTarget "Rent A Goalie" */ = {
			isa = XCConfigurationList;
			buildConfigurations = (
				46061D1B1FADC65D00ED512A /* Debug */,
				46061D1C1FADC65D00ED512A /* Release */,
			);
			defaultConfigurationIsVisible = 0;
			defaultConfigurationName = Release;
		};
		46061D1D1FADC65D00ED512A /* Build configuration list for PBXNativeTarget "Rent A GoalieTests" */ = {
			isa = XCConfigurationList;
			buildConfigurations = (
				46061D1E1FADC65D00ED512A /* Debug */,
				46061D1F1FADC65D00ED512A /* Release */,
			);
			defaultConfigurationIsVisible = 0;
			defaultConfigurationName = Release;
		};
		46061D201FADC65D00ED512A /* Build configuration list for PBXNativeTarget "Rent A GoalieUITests" */ = {
			isa = XCConfigurationList;
			buildConfigurations = (
				46061D211FADC65D00ED512A /* Debug */,
				46061D221FADC65D00ED512A /* Release */,
			);
			defaultConfigurationIsVisible = 0;
			defaultConfigurationName = Release;
		};
/* End XCConfigurationList section */

/* Begin XCVersionGroup section */
		46061CF91FADC65D00ED512A /* Rent_A_Goalie.xcdatamodeld */ = {
			isa = XCVersionGroup;
			children = (
				46061CFA1FADC65D00ED512A /* Rent_A_Goalie.xcdatamodel */,
			);
			currentVersion = 46061CFA1FADC65D00ED512A /* Rent_A_Goalie.xcdatamodel */;
			path = Rent_A_Goalie.xcdatamodeld;
			sourceTree = "<group>";
			versionGroupType = wrapper.xcdatamodel;
		};
/* End XCVersionGroup section */
	};
	rootObject = 46061CE71FADC65C00ED512A /* Project object */;
}
